
Microsoft Visual Studio Solution File, Format Version 12.00
# Visual Studio 15
VisualStudioVersion = 15.0.27004.2006
MinimumVisualStudioVersion = 10.0.40219.1
Project("{FAE04EC0-301F-11D3-BF4B-00C04F79EFBC}") = "NMBM", "NMBM\NMBM\NMBM.csproj", "{C0360D20-2F74-4436-A2DC-A02E48F69924}"
EndProject
Project("{FAE04EC0-301F-11D3-BF4B-00C04F79EFBC}") = "NMBM.Android", "NMBM\NMBM.Android\NMBM.Android.csproj", "{750B901D-FC70-4595-BE68-A589C7C99D4D}"
EndProject
Project("{FAE04EC0-301F-11D3-BF4B-00C04F79EFBC}") = "NMBM.iOS", "NMBM\NMBM.iOS\NMBM.iOS.csproj", "{EB585776-2385-4B7C-BD18-8F024F19B959}"
EndProject
Project("{FAE04EC0-301F-11D3-BF4B-00C04F79EFBC}") = "NMBM.UWP", "NMBM\NMBM.UWP\NMBM.UWP.csproj", "{A23F8A51-CD1F-4DDB-A122-61B50A70BA84}"
EndProject
Project("{FAE04EC0-301F-11D3-BF4B-00C04F79EFBC}") = "ApiServices", "ApiServices\ApiServices.csproj", "{8744AA92-3C13-4697-ABB5-CB7C349071E2}"
EndProject
Global
	GlobalSection(SolutionConfigurationPlatforms) = preSolution
		Debug|Any CPU = Debug|Any CPU
		Debug|ARM = Debug|ARM
		Debug|iPhone = Debug|iPhone
		Debug|iPhoneSimulator = Debug|iPhoneSimulator
		Debug|x64 = Debug|x64
		Debug|x86 = Debug|x86
		Release|Any CPU = Release|Any CPU
		Release|ARM = Release|ARM
		Release|iPhone = Release|iPhone
		Release|iPhoneSimulator = Release|iPhoneSimulator
		Release|x64 = Release|x64
		Release|x86 = Release|x86
	EndGlobalSection
	GlobalSection(ProjectConfigurationPlatforms) = postSolution
		{C0360D20-2F74-4436-A2DC-A02E48F69924}.Debug|Any CPU.ActiveCfg = Debug|Any CPU
		{C0360D20-2F74-4436-A2DC-A02E48F69924}.Debug|Any CPU.Build.0 = Debug|Any CPU
		{C0360D20-2F74-4436-A2DC-A02E48F69924}.Debug|ARM.ActiveCfg = Debug|Any CPU
		{C0360D20-2F74-4436-A2DC-A02E48F69924}.Debug|ARM.Build.0 = Debug|Any CPU
		{C0360D20-2F74-4436-A2DC-A02E48F69924}.Debug|iPhone.ActiveCfg = Debug|Any CPU
		{C0360D20-2F74-4436-A2DC-A02E48F69924}.Debug|iPhone.Build.0 = Debug|Any CPU
		{C0360D20-2F74-4436-A2DC-A02E48F69924}.Debug|iPhoneSimulator.ActiveCfg = Debug|Any CPU
		{C0360D20-2F74-4436-A2DC-A02E48F69924}.Debug|iPhoneSimulator.Build.0 = Debug|Any CPU
		{C0360D20-2F74-4436-A2DC-A02E48F69924}.Debug|x64.ActiveCfg = Debug|Any CPU
		{C0360D20-2F74-4436-A2DC-A02E48F69924}.Debug|x64.Build.0 = Debug|Any CPU
		{C0360D20-2F74-4436-A2DC-A02E48F69924}.Debug|x86.ActiveCfg = Debug|Any CPU
		{C0360D20-2F74-4436-A2DC-A02E48F69924}.Debug|x86.Build.0 = Debug|Any CPU
		{C0360D20-2F74-4436-A2DC-A02E48F69924}.Release|Any CPU.ActiveCfg = Release|Any CPU
		{C0360D20-2F74-4436-A2DC-A02E48F69924}.Release|Any CPU.Build.0 = Release|Any CPU
		{C0360D20-2F74-4436-A2DC-A02E48F69924}.Release|ARM.ActiveCfg = Release|Any CPU
		{C0360D20-2F74-4436-A2DC-A02E48F69924}.Release|ARM.Build.0 = Release|Any CPU
		{C0360D20-2F74-4436-A2DC-A02E48F69924}.Release|iPhone.ActiveCfg = Release|Any CPU
		{C0360D20-2F74-4436-A2DC-A02E48F69924}.Release|iPhone.Build.0 = Release|Any CPU
		{C0360D20-2F74-4436-A2DC-A02E48F69924}.Release|iPhoneSimulator.ActiveCfg = Release|Any CPU
		{C0360D20-2F74-4436-A2DC-A02E48F69924}.Release|iPhoneSimulator.Build.0 = Release|Any CPU
		{C0360D20-2F74-4436-A2DC-A02E48F69924}.Release|x64.ActiveCfg = Release|Any CPU
		{C0360D20-2F74-4436-A2DC-A02E48F69924}.Release|x64.Build.0 = Release|Any CPU
		{C0360D20-2F74-4436-A2DC-A02E48F69924}.Release|x86.ActiveCfg = Release|Any CPU
		{C0360D20-2F74-4436-A2DC-A02E48F69924}.Release|x86.Build.0 = Release|Any CPU
		{750B901D-FC70-4595-BE68-A589C7C99D4D}.Debug|Any CPU.ActiveCfg = Debug|Any CPU
		{750B901D-FC70-4595-BE68-A589C7C99D4D}.Debug|Any CPU.Build.0 = Debug|Any CPU
		{750B901D-FC70-4595-BE68-A589C7C99D4D}.Debug|Any CPU.Deploy.0 = Debug|Any CPU
		{750B901D-FC70-4595-BE68-A589C7C99D4D}.Debug|ARM.ActiveCfg = Debug|Any CPU
		{750B901D-FC70-4595-BE68-A589C7C99D4D}.Debug|ARM.Build.0 = Debug|Any CPU
		{750B901D-FC70-4595-BE68-A589C7C99D4D}.Debug|ARM.Deploy.0 = Debug|Any CPU
		{750B901D-FC70-4595-BE68-A589C7C99D4D}.Debug|iPhone.ActiveCfg = Debug|Any CPU
		{750B901D-FC70-4595-BE68-A589C7C99D4D}.Debug|iPhone.Build.0 = Debug|Any CPU
		{750B901D-FC70-4595-BE68-A589C7C99D4D}.Debug|iPhone.Deploy.0 = Debug|Any CPU
		{750B901D-FC70-4595-BE68-A589C7C99D4D}.Debug|iPhoneSimulator.ActiveCfg = Debug|Any CPU
		{750B901D-FC70-4595-BE68-A589C7C99D4D}.Debug|iPhoneSimulator.Build.0 = Debug|Any CPU
		{750B901D-FC70-4595-BE68-A589C7C99D4D}.Debug|iPhoneSimulator.Deploy.0 = Debug|Any CPU
		{750B901D-FC70-4595-BE68-A589C7C99D4D}.Debug|x64.ActiveCfg = Debug|Any CPU
		{750B901D-FC70-4595-BE68-A589C7C99D4D}.Debug|x64.Build.0 = Debug|Any CPU
		{750B901D-FC70-4595-BE68-A589C7C99D4D}.Debug|x64.Deploy.0 = Debug|Any CPU
		{750B901D-FC70-4595-BE68-A589C7C99D4D}.Debug|x86.ActiveCfg = Debug|Any CPU
		{750B901D-FC70-4595-BE68-A589C7C99D4D}.Debug|x86.Build.0 = Debug|Any CPU
		{750B901D-FC70-4595-BE68-A589C7C99D4D}.Debug|x86.Deploy.0 = Debug|Any CPU
		{750B901D-FC70-4595-BE68-A589C7C99D4D}.Release|Any CPU.ActiveCfg = Release|Any CPU
		{750B901D-FC70-4595-BE68-A589C7C99D4D}.Release|Any CPU.Build.0 = Release|Any CPU
		{750B901D-FC70-4595-BE68-A589C7C99D4D}.Release|Any CPU.Deploy.0 = Release|Any CPU
		{750B901D-FC70-4595-BE68-A589C7C99D4D}.Release|ARM.ActiveCfg = Release|Any CPU
		{750B901D-FC70-4595-BE68-A589C7C99D4D}.Release|ARM.Build.0 = Release|Any CPU
		{750B901D-FC70-4595-BE68-A589C7C99D4D}.Release|ARM.Deploy.0 = Release|Any CPU
		{750B901D-FC70-4595-BE68-A589C7C99D4D}.Release|iPhone.ActiveCfg = Release|Any CPU
		{750B901D-FC70-4595-BE68-A589C7C99D4D}.Release|iPhone.Build.0 = Release|Any CPU
		{750B901D-FC70-4595-BE68-A589C7C99D4D}.Release|iPhone.Deploy.0 = Release|Any CPU
		{750B901D-FC70-4595-BE68-A589C7C99D4D}.Release|iPhoneSimulator.ActiveCfg = Release|Any CPU
		{750B901D-FC70-4595-BE68-A589C7C99D4D}.Release|iPhoneSimulator.Build.0 = Release|Any CPU
		{750B901D-FC70-4595-BE68-A589C7C99D4D}.Release|iPhoneSimulator.Deploy.0 = Release|Any CPU
		{750B901D-FC70-4595-BE68-A589C7C99D4D}.Release|x64.ActiveCfg = Release|Any CPU
		{750B901D-FC70-4595-BE68-A589C7C99D4D}.Release|x64.Build.0 = Release|Any CPU
		{750B901D-FC70-4595-BE68-A589C7C99D4D}.Release|x64.Deploy.0 = Release|Any CPU
		{750B901D-FC70-4595-BE68-A589C7C99D4D}.Release|x86.ActiveCfg = Release|Any CPU
		{750B901D-FC70-4595-BE68-A589C7C99D4D}.Release|x86.Build.0 = Release|Any CPU
		{750B901D-FC70-4595-BE68-A589C7C99D4D}.Release|x86.Deploy.0 = Release|Any CPU
		{EB585776-2385-4B7C-BD18-8F024F19B959}.Debug|Any CPU.ActiveCfg = Debug|iPhone
		{EB585776-2385-4B7C-BD18-8F024F19B959}.Debug|ARM.ActiveCfg = Debug|iPhone
		{EB585776-2385-4B7C-BD18-8F024F19B959}.Debug|iPhone.ActiveCfg = Debug|iPhone
		{EB585776-2385-4B7C-BD18-8F024F19B959}.Debug|iPhone.Build.0 = Debug|iPhone
		{EB585776-2385-4B7C-BD18-8F024F19B959}.Debug|iPhoneSimulator.ActiveCfg = Debug|iPhoneSimulator
		{EB585776-2385-4B7C-BD18-8F024F19B959}.Debug|iPhoneSimulator.Build.0 = Debug|iPhoneSimulator
		{EB585776-2385-4B7C-BD18-8F024F19B959}.Debug|x64.ActiveCfg = Debug|iPhone
		{EB585776-2385-4B7C-BD18-8F024F19B959}.Debug|x86.ActiveCfg = Debug|iPhone
		{EB585776-2385-4B7C-BD18-8F024F19B959}.Release|Any CPU.ActiveCfg = Release|iPhone
		{EB585776-2385-4B7C-BD18-8F024F19B959}.Release|ARM.ActiveCfg = Release|iPhone
		{EB585776-2385-4B7C-BD18-8F024F19B959}.Release|iPhone.ActiveCfg = Release|iPhone
		{EB585776-2385-4B7C-BD18-8F024F19B959}.Release|iPhone.Build.0 = Release|iPhone
		{EB585776-2385-4B7C-BD18-8F024F19B959}.Release|iPhoneSimulator.ActiveCfg = Release|iPhoneSimulator
		{EB585776-2385-4B7C-BD18-8F024F19B959}.Release|iPhoneSimulator.Build.0 = Release|iPhoneSimulator
		{EB585776-2385-4B7C-BD18-8F024F19B959}.Release|x64.ActiveCfg = Release|iPhone
		{EB585776-2385-4B7C-BD18-8F024F19B959}.Release|x86.ActiveCfg = Release|iPhone
		{A23F8A51-CD1F-4DDB-A122-61B50A70BA84}.Debug|Any CPU.ActiveCfg = Debug|x86
		{A23F8A51-CD1F-4DDB-A122-61B50A70BA84}.Debug|Any CPU.Build.0 = Debug|x86
		{A23F8A51-CD1F-4DDB-A122-61B50A70BA84}.Debug|Any CPU.Deploy.0 = Debug|x86
		{A23F8A51-CD1F-4DDB-A122-61B50A70BA84}.Debug|ARM.ActiveCfg = Debug|ARM
		{A23F8A51-CD1F-4DDB-A122-61B50A70BA84}.Debug|ARM.Build.0 = Debug|ARM
		{A23F8A51-CD1F-4DDB-A122-61B50A70BA84}.Debug|ARM.Deploy.0 = Debug|ARM
		{A23F8A51-CD1F-4DDB-A122-61B50A70BA84}.Debug|iPhone.ActiveCfg = Debug|x86
		{A23F8A51-CD1F-4DDB-A122-61B50A70BA84}.Debug|iPhoneSimulator.ActiveCfg = Debug|x86
		{A23F8A51-CD1F-4DDB-A122-61B50A70BA84}.Debug|x64.ActiveCfg = Debug|x64
		{A23F8A51-CD1F-4DDB-A122-61B50A70BA84}.Debug|x64.Build.0 = Debug|x64
		{A23F8A51-CD1F-4DDB-A122-61B50A70BA84}.Debug|x64.Deploy.0 = Debug|x64
		{A23F8A51-CD1F-4DDB-A122-61B50A70BA84}.Debug|x86.ActiveCfg = Debug|x86
		{A23F8A51-CD1F-4DDB-A122-61B50A70BA84}.Debug|x86.Build.0 = Debug|x86
		{A23F8A51-CD1F-4DDB-A122-61B50A70BA84}.Debug|x86.Deploy.0 = Debug|x86
		{A23F8A51-CD1F-4DDB-A122-61B50A70BA84}.Release|Any CPU.ActiveCfg = Release|x86
		{A23F8A51-CD1F-4DDB-A122-61B50A70BA84}.Release|ARM.ActiveCfg = Release|ARM
		{A23F8A51-CD1F-4DDB-A122-61B50A70BA84}.Release|ARM.Build.0 = Release|ARM
		{A23F8A51-CD1F-4DDB-A122-61B50A70BA84}.Release|ARM.Deploy.0 = Release|ARM
		{A23F8A51-CD1F-4DDB-A122-61B50A70BA84}.Release|iPhone.ActiveCfg = Release|x86
		{A23F8A51-CD1F-4DDB-A122-61B50A70BA84}.Release|iPhoneSimulator.ActiveCfg = Release|x86
		{A23F8A51-CD1F-4DDB-A122-61B50A70BA84}.Release|x64.ActiveCfg = Release|x64
		{A23F8A51-CD1F-4DDB-A122-61B50A70BA84}.Release|x64.Build.0 = Release|x64
		{A23F8A51-CD1F-4DDB-A122-61B50A70BA84}.Release|x64.Deploy.0 = Release|x64
		{A23F8A51-CD1F-4DDB-A122-61B50A70BA84}.Release|x86.ActiveCfg = Release|x86
		{A23F8A51-CD1F-4DDB-A122-61B50A70BA84}.Release|x86.Build.0 = Release|x86
		{A23F8A51-CD1F-4DDB-A122-61B50A70BA84}.Release|x86.Deploy.0 = Release|x86
		{8744AA92-3C13-4697-ABB5-CB7C349071E2}.Debug|Any CPU.ActiveCfg = Debug|Any CPU
		{8744AA92-3C13-4697-ABB5-CB7C349071E2}.Debug|Any CPU.Build.0 = Debug|Any CPU
		{8744AA92-3C13-4697-ABB5-CB7C349071E2}.Debug|ARM.ActiveCfg = Debug|Any CPU
		{8744AA92-3C13-4697-ABB5-CB7C349071E2}.Debug|ARM.Build.0 = Debug|Any CPU
		{8744AA92-3C13-4697-ABB5-CB7C349071E2}.Debug|iPhone.ActiveCfg = Debug|Any CPU
		{8744AA92-3C13-4697-ABB5-CB7C349071E2}.Debug|iPhone.Build.0 = Debug|Any CPU
		{8744AA92-3C13-4697-ABB5-CB7C349071E2}.Debug|iPhoneSimulator.ActiveCfg = Debug|Any CPU
		{8744AA92-3C13-4697-ABB5-CB7C349071E2}.Debug|iPhoneSimulator.Build.0 = Debug|Any CPU
		{8744AA92-3C13-4697-ABB5-CB7C349071E2}.Debug|x64.ActiveCfg = Debug|Any CPU
		{8744AA92-3C13-4697-ABB5-CB7C349071E2}.Debug|x64.Build.0 = Debug|Any CPU
		{8744AA92-3C13-4697-ABB5-CB7C349071E2}.Debug|x86.ActiveCfg = Debug|Any CPU
		{8744AA92-3C13-4697-ABB5-CB7C349071E2}.Debug|x86.Build.0 = Debug|Any CPU
		{8744AA92-3C13-4697-ABB5-CB7C349071E2}.Release|Any CPU.ActiveCfg = Release|Any CPU
		{8744AA92-3C13-4697-ABB5-CB7C349071E2}.Release|Any CPU.Build.0 = Release|Any CPU
		{8744AA92-3C13-4697-ABB5-CB7C349071E2}.Release|ARM.ActiveCfg = Release|Any CPU
		{8744AA92-3C13-4697-ABB5-CB7C349071E2}.Release|ARM.Build.0 = Release|Any CPU
		{8744AA92-3C13-4697-ABB5-CB7C349071E2}.Release|iPhone.ActiveCfg = Release|Any CPU
		{8744AA92-3C13-4697-ABB5-CB7C349071E2}.Release|iPhone.Build.0 = Release|Any CPU
		{8744AA92-3C13-4697-ABB5-CB7C349071E2}.Release|iPhoneSimulator.ActiveCfg = Release|Any CPU
		{8744AA92-3C13-4697-ABB5-CB7C349071E2}.Release|iPhoneSimulator.Build.0 = Release|Any CPU
		{8744AA92-3C13-4697-ABB5-CB7C349071E2}.Release|x64.ActiveCfg = Release|Any CPU
		{8744AA92-3C13-4697-ABB5-CB7C349071E2}.Release|x64.Build.0 = Release|Any CPU
		{8744AA92-3C13-4697-ABB5-CB7C349071E2}.Release|x86.ActiveCfg = Release|Any CPU
		{8744AA92-3C13-4697-ABB5-CB7C349071E2}.Release|x86.Build.0 = Release|Any CPU
	EndGlobalSection
	GlobalSection(SolutionProperties) = preSolution
		HideSolutionNode = FALSE
	EndGlobalSection
	GlobalSection(ExtensibilityGlobals) = postSolution
		SolutionGuid = {6D0BCD64-421F-466E-A83B-2672B6256AAA}
	EndGlobalSection
EndGlobal
